
Microsoft Visual Studio Solution File, Format Version 12.00
# Visual Studio Version 16
VisualStudioVersion = 16.0.32802.440
MinimumVisualStudioVersion = 10.0.40219.1
Project("{FAE04EC0-301F-11D3-BF4B-00C04F79EFBC}") = "matrix_properties", "matrix_properties.csproj", "{714F3169-1C6E-4661-828A-2E31F6A22092}"
EndProject
Global
	GlobalSection(SolutionConfigurationPlatforms) = preSolution
		Debug|Any CPU = Debug|Any CPU
		Release|Any CPU = Release|Any CPU
	EndGlobalSection
	GlobalSection(ProjectConfigurationPlatforms) = postSolution
		{714F3169-1C6E-4661-828A-2E31F6A22092}.Debug|Any CPU.ActiveCfg = Debug|Any CPU
		{714F3169-1C6E-4661-828A-2E31F6A22092}.Debug|Any CPU.Build.0 = Debug|Any CPU
		{714F3169-1C6E-4661-828A-2E31F6A22092}.Release|Any CPU.ActiveCfg = Release|Any CPU
		{714F3169-1C6E-4661-828A-2E31F6A22092}.Release|Any CPU.Build.0 = Release|Any CPU
	EndGlobalSection
	GlobalSection(SolutionProperties) = preSolution
		HideSolutionNode = FALSE
	EndGlobalSection
	GlobalSection(ExtensibilityGlobals) = postSolution
		SolutionGuid = {3EDC3671-9B44-414A-AF16-B22B62358B1F}
	EndGlobalSection
EndGlobal
